
Microsoft Visual Studio Solution File, Format Version 12.00
# Visual Studio 15
VisualStudioVersion = 15.0.26730.16
MinimumVisualStudioVersion = 10.0.40219.1
Project("{FAE04EC0-301F-11D3-BF4B-00C04F79EFBC}") = "testeAbstract", "testeAbstract\testeAbstract.csproj", "{E1EB9B10-99CB-4ADC-A25A-EE8915DE4531}"
EndProject
Global
	GlobalSection(SolutionConfigurationPlatforms) = preSolution
		Debug|Any CPU = Debug|Any CPU
		Release|Any CPU = Release|Any CPU
	EndGlobalSection
	GlobalSection(ProjectConfigurationPlatforms) = postSolution
		{E1EB9B10-99CB-4ADC-A25A-EE8915DE4531}.Debug|Any CPU.ActiveCfg = Debug|Any CPU
		{E1EB9B10-99CB-4ADC-A25A-EE8915DE4531}.Debug|Any CPU.Build.0 = Debug|Any CPU
		{E1EB9B10-99CB-4ADC-A25A-EE8915DE4531}.Release|Any CPU.ActiveCfg = Release|Any CPU
		{E1EB9B10-99CB-4ADC-A25A-EE8915DE4531}.Release|Any CPU.Build.0 = Release|Any CPU
	EndGlobalSection
	GlobalSection(SolutionProperties) = preSolution
		HideSolutionNode = FALSE
	EndGlobalSection
	GlobalSection(ExtensibilityGlobals) = postSolution
		SolutionGuid = {B7870324-E353-452B-8C7F-1D38EDC3458D}
	EndGlobalSection
EndGlobal
